<?xml version="1.0" encoding="utf-8"?>
<Project ToolsVersion="4.0" xmlns="http://schemas.microsoft.com/developer/msbuild/2003">
  <ItemGroup>
    <Filter Include="Source Files">
      <UniqueIdentifier>{4FC737F1-C7A5-4376-A066-2A32D752A2FF}</UniqueIdentifier>
      <Extensions>cpp;c;cc;cxx;c++;cppm;ixx;def;odl;idl;hpj;bat;asm;asmx</Extensions>
    </Filter>
    <Filter Include="Header Files">
      <UniqueIdentifier>{93995380-89BD-4b04-88EB-625FBE52EBFB}</UniqueIdentifier>
      <Extensions>h;hh;hpp;hxx;h++;hm;inl;inc;ipp;xsd</Extensions>
    </Filter>
    <Filter Include="Resource Files">
      <UniqueIdentifier>{67DA6AB6-F800-4c08-8B7A-83BB121AAD01}</UniqueIdentifier>
      <Extensions>rc;ico;cur;bmp;dlg;rc2;rct;bin;rgs;gif;jpg;jpeg;jpe;resx;tiff;tif;png;wav;mfcribbon-ms</Extensions>
    </Filter>
  </ItemGroup>
  <ItemGroup>
    <ClInclude Include="CTile.h">
      <Filter>Header Files</Filter>
    </ClInclude>
    <ClInclude Include="CTileSort.h">
      <Filter>Header Files</Filter>
    </ClInclude>
    <ClInclude Include="Header.h">
      <Filter>Header Files</Filter>
    </ClInclude>
    <ClInclude Include="CPlayer.h">
      <Filter>Header Files</Filter>
    </ClInclude>
    <ClInclude Include="CGame.h">
      <Filter>Header Files</Filter>
    </ClInclude>
    <ClInclude Include="CGo.h">
      <Filter>Header Files</Filter>
    </ClInclude>
    <ClInclude Include="CFreeParking.h">
      <Filter>Header Files</Filter>
    </ClInclude>
    <ClInclude Include="CJail.h">
      <Filter>Header Files</Filter>
    </ClInclude>
    <ClInclude Include="CTax.h">
      <Filter>Header Files</Filter>
    </ClInclude>
    <ClInclude Include="CGoToJail.h">
      <Filter>Header Files</Filter>
    </ClInclude>
    <ClInclude Include="CUtility.h">
      <Filter>Header Files</Filter>
    </ClInclude>
    <ClInclude Include="CStation.h">
      <Filter>Header Files</Filter>
    </ClInclude>
    <ClInclude Include="CChance.h">
      <Filter>Header Files</Filter>
    </ClInclude>
    <ClInclude Include="CChest.h">
      <Filter>Header Files</Filter>
    </ClInclude>
    <ClInclude Include="CProperty.h">
      <Filter>Header Files</Filter>
    </ClInclude>
    <ClInclude Include="CCardSort.h">
      <Filter>Header Files</Filter>
    </ClInclude>
    <ClInclude Include="CCard.h">
      <Filter>Header Files</Filter>
    </ClInclude>
    <ClInclude Include="CCardEarn.h">
      <Filter>Header Files</Filter>
    </ClInclude>
    <ClInclude Include="CCardLose.h">
      <Filter>Header Files</Filter>
    </ClInclude>
    <ClInclude Include="CCardMove.h">
      <Filter>Header Files</Filter>
    </ClInclude>
    <ClInclude Include="CCardOutofJail.h">
      <Filter>Header Files</Filter>
    </ClInclude>
    <ClInclude Include="CCardJail.h">
      <Filter>Header Files</Filter>
    </ClInclude>
    <ClInclude Include="CCardRepair.h">
      <Filter>Header Files</Filter>
    </ClInclude>
    <ClInclude Include="CCardCollection.h">
      <Filter>Header Files</Filter>
    </ClInclude>
  </ItemGroup>
  <ItemGroup>
    <ClCompile Include="CTile.cpp">
      <Filter>Source Files</Filter>
    </ClCompile>
    <ClCompile Include="CTileSort.cpp">
      <Filter>Source Files</Filter>
    </ClCompile>
    <ClCompile Include="Source.cpp">
      <Filter>Source Files</Filter>
    </ClCompile>
    <ClCompile Include="CPlayer.cpp">
      <Filter>Source Files</Filter>
    </ClCompile>
    <ClCompile Include="CGame.cpp">
      <Filter>Source Files</Filter>
    </ClCompile>
    <ClCompile Include="CGo.cpp">
      <Filter>Source Files</Filter>
    </ClCompile>
    <ClCompile Include="CFreeParking.cpp">
      <Filter>Source Files</Filter>
    </ClCompile>
    <ClCompile Include="CJail.cpp">
      <Filter>Source Files</Filter>
    </ClCompile>
    <ClCompile Include="CTax.cpp">
      <Filter>Source Files</Filter>
    </ClCompile>
    <ClCompile Include="CGoToJail.cpp">
      <Filter>Source Files</Filter>
    </ClCompile>
    <ClCompile Include="CUtility.cpp">
      <Filter>Source Files</Filter>
    </ClCompile>
    <ClCompile Include="CStation.cpp">
      <Filter>Source Files</Filter>
    </ClCompile>
    <ClCompile Include="CChance.cpp">
      <Filter>Source Files</Filter>
    </ClCompile>
    <ClCompile Include="CChest.cpp">
      <Filter>Source Files</Filter>
    </ClCompile>
    <ClCompile Include="CProperty.cpp">
      <Filter>Source Files</Filter>
    </ClCompile>
    <ClCompile Include="CCardSort.cpp">
      <Filter>Source Files</Filter>
    </ClCompile>
    <ClCompile Include="CCard.cpp">
      <Filter>Source Files</Filter>
    </ClCompile>
    <ClCompile Include="CCardEarn.cpp">
      <Filter>Source Files</Filter>
    </ClCompile>
    <ClCompile Include="CCardLose.cpp">
      <Filter>Source Files</Filter>
    </ClCompile>
    <ClCompile Include="CCardMove.cpp">
      <Filter>Source Files</Filter>
    </ClCompile>
    <ClCompile Include="CCardOutofJail.cpp">
      <Filter>Source Files</Filter>
    </ClCompile>
    <ClCompile Include="CCardJail.cpp">
      <Filter>Source Files</Filter>
    </ClCompile>
    <ClCompile Include="CCardRepair.cpp">
      <Filter>Source Files</Filter>
    </ClCompile>
    <ClCompile Include="CCardCollection.cpp">
      <Filter>Source Files</Filter>
    </ClCompile>
  </ItemGroup>
  <ItemGroup>
    <Text Include="Board.txt">
      <Filter>Resource Files</Filter>
    </Text>
    <Text Include="names.txt">
      <Filter>Resource Files</Filter>
    </Text>
    <Text Include="ReadMe.txt">
      <Filter>Resource Files</Filter>
    </Text>
    <Text Include="chance.txt">
      <Filter>Resource Files</Filter>
    </Text>
    <Text Include="community chest.txt">
      <Filter>Resource Files</Filter>
    </Text>
    <Text Include="edits.txt">
      <Filter>Resource Files</Filter>
    </Text>
  </ItemGroup>
  <ItemGroup>
    <None Include=".gitignore">
      <Filter>Resource Files</Filter>
    </None>
  </ItemGroup>
</Project>