<?xml version="1.0" encoding="utf-8"?>
<Project ToolsVersion="4.0" xmlns="http://schemas.microsoft.com/developer/msbuild/2003">
  <ItemGroup>
    <Filter Include="Source Files">
      <UniqueIdentifier>{4FC737F1-C7A5-4376-A066-2A32D752A2FF}</UniqueIdentifier>
      <Extensions>cpp;c;cc;cxx;c++;cppm;ixx;def;odl;idl;hpj;bat;asm;asmx</Extensions>
    </Filter>
    <Filter Include="Header Files">
      <UniqueIdentifier>{93995380-89BD-4b04-88EB-625FBE52EBFB}</UniqueIdentifier>
      <Extensions>h;hh;hpp;hxx;h++;hm;inl;inc;ipp;xsd</Extensions>
    </Filter>
    <Filter Include="Resource Files">
      <UniqueIdentifier>{67DA6AB6-F800-4c08-8B7A-83BB121AAD01}</UniqueIdentifier>
      <Extensions>rc;ico;cur;bmp;dlg;rc2;rct;bin;rgs;gif;jpg;jpeg;jpe;resx;tiff;tif;png;wav;mfcribbon-ms</Extensions>
    </Filter>
  </ItemGroup>
  <ItemGroup>
    <ClInclude Include="src\CGame.h">
      <Filter>Header Files</Filter>
    </ClInclude>
    <ClInclude Include="src\CPlayer.h">
      <Filter>Header Files</Filter>
    </ClInclude>
    <ClInclude Include="src\Header.h">
      <Filter>Header Files</Filter>
    </ClInclude>
    <ClInclude Include="src\Card\CCard.h">
      <Filter>Header Files</Filter>
    </ClInclude>
    <ClInclude Include="src\Card\CCardCollection.h">
      <Filter>Header Files</Filter>
    </ClInclude>
    <ClInclude Include="src\Card\CCardEarn.h">
      <Filter>Header Files</Filter>
    </ClInclude>
    <ClInclude Include="src\Card\CCardJail.h">
      <Filter>Header Files</Filter>
    </ClInclude>
    <ClInclude Include="src\Card\CCardLose.h">
      <Filter>Header Files</Filter>
    </ClInclude>
    <ClInclude Include="src\Card\CCardMove.h">
      <Filter>Header Files</Filter>
    </ClInclude>
    <ClInclude Include="src\Card\CCardOutofJail.h">
      <Filter>Header Files</Filter>
    </ClInclude>
    <ClInclude Include="src\Card\CCardRepair.h">
      <Filter>Header Files</Filter>
    </ClInclude>
    <ClInclude Include="src\Card\CCardSort.h">
      <Filter>Header Files</Filter>
    </ClInclude>
    <ClInclude Include="src\Board\CFreeParking.h">
      <Filter>Header Files</Filter>
    </ClInclude>
    <ClInclude Include="src\Board\CGo.h">
      <Filter>Header Files</Filter>
    </ClInclude>
    <ClInclude Include="src\Board\CGoToJail.h">
      <Filter>Header Files</Filter>
    </ClInclude>
    <ClInclude Include="src\Board\CJail.h">
      <Filter>Header Files</Filter>
    </ClInclude>
    <ClInclude Include="src\Board\CProperty.h">
      <Filter>Header Files</Filter>
    </ClInclude>
    <ClInclude Include="src\Board\CStation.h">
      <Filter>Header Files</Filter>
    </ClInclude>
    <ClInclude Include="src\Board\CTax.h">
      <Filter>Header Files</Filter>
    </ClInclude>
    <ClInclude Include="src\Board\CUtility.h">
      <Filter>Header Files</Filter>
    </ClInclude>
    <ClInclude Include="src\Board\CTile.h">
      <Filter>Header Files</Filter>
    </ClInclude>
    <ClInclude Include="src\Board\CTileSort.h">
      <Filter>Header Files</Filter>
    </ClInclude>
    <ClInclude Include="src\Board\CChance.h">
      <Filter>Header Files</Filter>
    </ClInclude>
    <ClInclude Include="src\Board\CChest.h">
      <Filter>Header Files</Filter>
    </ClInclude>
    <ClInclude Include="src\Logger.h">
      <Filter>Header Files</Filter>
    </ClInclude>
    <ClInclude Include="src\Personality.h">
      <Filter>Header Files</Filter>
    </ClInclude>
  </ItemGroup>
  <ItemGroup>
    <ClCompile Include="src\CGame.cpp">
      <Filter>Source Files</Filter>
    </ClCompile>
    <ClCompile Include="src\CPlayer.cpp">
      <Filter>Source Files</Filter>
    </ClCompile>
    <ClCompile Include="src\Card\CCard.cpp">
      <Filter>Source Files</Filter>
    </ClCompile>
    <ClCompile Include="src\Card\CCardCollection.cpp">
      <Filter>Source Files</Filter>
    </ClCompile>
    <ClCompile Include="src\Card\CCardEarn.cpp">
      <Filter>Source Files</Filter>
    </ClCompile>
    <ClCompile Include="src\Card\CCardJail.cpp">
      <Filter>Source Files</Filter>
    </ClCompile>
    <ClCompile Include="src\Card\CCardLose.cpp">
      <Filter>Source Files</Filter>
    </ClCompile>
    <ClCompile Include="src\Card\CCardMove.cpp">
      <Filter>Source Files</Filter>
    </ClCompile>
    <ClCompile Include="src\Card\CCardOutofJail.cpp">
      <Filter>Source Files</Filter>
    </ClCompile>
    <ClCompile Include="src\Card\CCardRepair.cpp">
      <Filter>Source Files</Filter>
    </ClCompile>
    <ClCompile Include="src\Card\CCardSort.cpp">
      <Filter>Source Files</Filter>
    </ClCompile>
    <ClCompile Include="src\Board\CFreeParking.cpp">
      <Filter>Source Files</Filter>
    </ClCompile>
    <ClCompile Include="src\Board\CGo.cpp">
      <Filter>Source Files</Filter>
    </ClCompile>
    <ClCompile Include="src\Board\CGoToJail.cpp">
      <Filter>Source Files</Filter>
    </ClCompile>
    <ClCompile Include="src\Board\CJail.cpp">
      <Filter>Source Files</Filter>
    </ClCompile>
    <ClCompile Include="src\Board\CProperty.cpp">
      <Filter>Source Files</Filter>
    </ClCompile>
    <ClCompile Include="src\Board\CStation.cpp">
      <Filter>Source Files</Filter>
    </ClCompile>
    <ClCompile Include="src\Board\CTax.cpp">
      <Filter>Source Files</Filter>
    </ClCompile>
    <ClCompile Include="src\Board\CUtility.cpp">
      <Filter>Source Files</Filter>
    </ClCompile>
    <ClCompile Include="Source.cpp">
      <Filter>Source Files</Filter>
    </ClCompile>
    <ClCompile Include="src\Board\CTile.cpp">
      <Filter>Source Files</Filter>
    </ClCompile>
    <ClCompile Include="src\Board\CTileSort.cpp">
      <Filter>Source Files</Filter>
    </ClCompile>
    <ClCompile Include="src\Board\CChance.cpp">
      <Filter>Source Files</Filter>
    </ClCompile>
    <ClCompile Include="src\Board\CChest.cpp">
      <Filter>Source Files</Filter>
    </ClCompile>
    <ClCompile Include="src\Logger.cpp">
      <Filter>Source Files</Filter>
    </ClCompile>
    <ClCompile Include="src\Personality.cpp">
      <Filter>Source Files</Filter>
    </ClCompile>
  </ItemGroup>
  <ItemGroup>
    <Text Include="config\Board.txt" />
    <Text Include="config\Chance.txt" />
    <Text Include="config\Community chest.txt" />
    <Text Include="config\Names.txt" />
    <Text Include="..\todo.txt">
      <Filter>Resource Files</Filter>
    </Text>
  </ItemGroup>
  <ItemGroup>
    <None Include="houserules.json">
      <Filter>Resource Files</Filter>
    </None>
  </ItemGroup>
</Project>